
Microsoft Visual Studio Solution File, Format Version 12.00
# Visual Studio 14
VisualStudioVersion = 14.0.24720.0
MinimumVisualStudioVersion = 10.0.40219.1
Project("{FAE04EC0-301F-11D3-BF4B-00C04F79EFBC}") = "Atomos", "src\Atomos\Atomos.csproj", "{BDB9A213-C612-4C3F-8CB1-89835352E534}"
EndProject
Project("{2150E333-8FDC-42A3-9474-1A3956D46DE8}") = "src", "src", "{002E25CA-C964-4123-BB76-E2BCE27D7B3B}"
EndProject
Project("{2150E333-8FDC-42A3-9474-1A3956D46DE8}") = "tests", "tests", "{35846CAE-2DA9-49E4-AC99-2D6AFFFCE090}"
EndProject
Project("{FAE04EC0-301F-11D3-BF4B-00C04F79EFBC}") = "Atomos.Tests", "tests\Atomos.Tests\Atomos.Tests.csproj", "{BCA69029-4F84-47F9-BB9C-18026BE0A228}"
EndProject
Project("{FAE04EC0-301F-11D3-BF4B-00C04F79EFBC}") = "Atomos.Collections", "src\Atomos.Collections\Atomos.Collections.csproj", "{451CCED3-DA91-4FA6-A9E2-C30FECA86BDF}"
EndProject
Project("{FAE04EC0-301F-11D3-BF4B-00C04F79EFBC}") = "Atomos.Collections.Tests", "tests\Atomos.Collections.Tests\Atomos.Collections.Tests.csproj", "{AD75768F-449F-45B4-A735-D7B18C1643E1}"
EndProject
Project("{FAE04EC0-301F-11D3-BF4B-00C04F79EFBC}") = "Atomos.Extension", "src\Atomos.Extension\Atomos.Extension.csproj", "{67282531-558D-4FD7-A4E2-271F238AC2F4}"
EndProject
Project("{FAE04EC0-301F-11D3-BF4B-00C04F79EFBC}") = "Atomos.Extension.Tests", "tests\Atomos.Extension.Tests\Atomos.Extension.Tests.csproj", "{2B5C8862-A808-45C3-8138-E14F652ED9A5}"
EndProject
Global
	GlobalSection(SolutionConfigurationPlatforms) = preSolution
		Any CPU - Debug|Any CPU = Any CPU - Debug|Any CPU
		Any CPU - Debug|ARM = Any CPU - Debug|ARM
		Any CPU - Release|Any CPU = Any CPU - Release|Any CPU
		Any CPU - Release|ARM = Any CPU - Release|ARM
		ARM - Debug|Any CPU = ARM - Debug|Any CPU
		ARM - Debug|ARM = ARM - Debug|ARM
		ARM - Release|Any CPU = ARM - Release|Any CPU
		ARM - Release|ARM = ARM - Release|ARM
		ARM|Any CPU = ARM|Any CPU
		ARM|ARM = ARM|ARM
		Debug|Any CPU = Debug|Any CPU
		Debug|ARM = Debug|ARM
		Release|Any CPU = Release|Any CPU
		Release|ARM = Release|ARM
		x64 - Debug|Any CPU = x64 - Debug|Any CPU
		x64 - Debug|ARM = x64 - Debug|ARM
		x64 - Release|Any CPU = x64 - Release|Any CPU
		x64 - Release|ARM = x64 - Release|ARM
		x86 - Debug|Any CPU = x86 - Debug|Any CPU
		x86 - Debug|ARM = x86 - Debug|ARM
		x86 - Release|Any CPU = x86 - Release|Any CPU
		x86 - Release|ARM = x86 - Release|ARM
	EndGlobalSection
	GlobalSection(ProjectConfigurationPlatforms) = postSolution
		{BDB9A213-C612-4C3F-8CB1-89835352E534}.Any CPU - Debug|Any CPU.ActiveCfg = Debug|Any CPU
		{BDB9A213-C612-4C3F-8CB1-89835352E534}.Any CPU - Debug|Any CPU.Build.0 = Debug|Any CPU
		{BDB9A213-C612-4C3F-8CB1-89835352E534}.Any CPU - Debug|ARM.ActiveCfg = Debug|ARM
		{BDB9A213-C612-4C3F-8CB1-89835352E534}.Any CPU - Debug|ARM.Build.0 = Debug|ARM
		{BDB9A213-C612-4C3F-8CB1-89835352E534}.Any CPU - Release|Any CPU.ActiveCfg = Release|Any CPU
		{BDB9A213-C612-4C3F-8CB1-89835352E534}.Any CPU - Release|Any CPU.Build.0 = Release|Any CPU
		{BDB9A213-C612-4C3F-8CB1-89835352E534}.Any CPU - Release|ARM.ActiveCfg = Release|ARM
		{BDB9A213-C612-4C3F-8CB1-89835352E534}.Any CPU - Release|ARM.Build.0 = Release|ARM
		{BDB9A213-C612-4C3F-8CB1-89835352E534}.ARM - Debug|Any CPU.ActiveCfg = ARM - Debug|Any CPU
		{BDB9A213-C612-4C3F-8CB1-89835352E534}.ARM - Debug|Any CPU.Build.0 = ARM - Debug|Any CPU
		{BDB9A213-C612-4C3F-8CB1-89835352E534}.ARM - Debug|ARM.ActiveCfg = ARM - Debug|ARM
		{BDB9A213-C612-4C3F-8CB1-89835352E534}.ARM - Debug|ARM.Build.0 = ARM - Debug|ARM
		{BDB9A213-C612-4C3F-8CB1-89835352E534}.ARM - Release|Any CPU.ActiveCfg = ARM - Release|Any CPU
		{BDB9A213-C612-4C3F-8CB1-89835352E534}.ARM - Release|Any CPU.Build.0 = ARM - Release|Any CPU
		{BDB9A213-C612-4C3F-8CB1-89835352E534}.ARM - Release|ARM.ActiveCfg = ARM - Release|ARM
		{BDB9A213-C612-4C3F-8CB1-89835352E534}.ARM - Release|ARM.Build.0 = ARM - Release|ARM
		{BDB9A213-C612-4C3F-8CB1-89835352E534}.ARM|Any CPU.ActiveCfg = ARM|Any CPU
		{BDB9A213-C612-4C3F-8CB1-89835352E534}.ARM|Any CPU.Build.0 = ARM|Any CPU
		{BDB9A213-C612-4C3F-8CB1-89835352E534}.ARM|ARM.ActiveCfg = ARM|ARM
		{BDB9A213-C612-4C3F-8CB1-89835352E534}.ARM|ARM.Build.0 = ARM|ARM
		{BDB9A213-C612-4C3F-8CB1-89835352E534}.Debug|Any CPU.ActiveCfg = Debug|Any CPU
		{BDB9A213-C612-4C3F-8CB1-89835352E534}.Debug|Any CPU.Build.0 = Debug|Any CPU
		{BDB9A213-C612-4C3F-8CB1-89835352E534}.Debug|ARM.ActiveCfg = Debug|ARM
		{BDB9A213-C612-4C3F-8CB1-89835352E534}.Debug|ARM.Build.0 = Debug|ARM
		{BDB9A213-C612-4C3F-8CB1-89835352E534}.Release|Any CPU.ActiveCfg = Release|Any CPU
		{BDB9A213-C612-4C3F-8CB1-89835352E534}.Release|Any CPU.Build.0 = Release|Any CPU
		{BDB9A213-C612-4C3F-8CB1-89835352E534}.Release|ARM.ActiveCfg = Release|ARM
		{BDB9A213-C612-4C3F-8CB1-89835352E534}.Release|ARM.Build.0 = Release|ARM
		{BDB9A213-C612-4C3F-8CB1-89835352E534}.x64 - Debug|Any CPU.ActiveCfg = x64 - Debug|Any CPU
		{BDB9A213-C612-4C3F-8CB1-89835352E534}.x64 - Debug|Any CPU.Build.0 = x64 - Debug|Any CPU
		{BDB9A213-C612-4C3F-8CB1-89835352E534}.x64 - Debug|ARM.ActiveCfg = x64 - Debug|ARM
		{BDB9A213-C612-4C3F-8CB1-89835352E534}.x64 - Debug|ARM.Build.0 = x64 - Debug|ARM
		{BDB9A213-C612-4C3F-8CB1-89835352E534}.x64 - Release|Any CPU.ActiveCfg = x64 - Release|Any CPU
		{BDB9A213-C612-4C3F-8CB1-89835352E534}.x64 - Release|Any CPU.Build.0 = x64 - Release|Any CPU
		{BDB9A213-C612-4C3F-8CB1-89835352E534}.x64 - Release|ARM.ActiveCfg = x64 - Release|ARM
		{BDB9A213-C612-4C3F-8CB1-89835352E534}.x64 - Release|ARM.Build.0 = x64 - Release|ARM
		{BDB9A213-C612-4C3F-8CB1-89835352E534}.x86 - Debug|Any CPU.ActiveCfg = x86 - Debug|Any CPU
		{BDB9A213-C612-4C3F-8CB1-89835352E534}.x86 - Debug|Any CPU.Build.0 = x86 - Debug|Any CPU
		{BDB9A213-C612-4C3F-8CB1-89835352E534}.x86 - Debug|ARM.ActiveCfg = x86 - Debug|ARM
		{BDB9A213-C612-4C3F-8CB1-89835352E534}.x86 - Debug|ARM.Build.0 = x86 - Debug|ARM
		{BDB9A213-C612-4C3F-8CB1-89835352E534}.x86 - Release|Any CPU.ActiveCfg = x86 - Release|Any CPU
		{BDB9A213-C612-4C3F-8CB1-89835352E534}.x86 - Release|Any CPU.Build.0 = x86 - Release|Any CPU
		{BDB9A213-C612-4C3F-8CB1-89835352E534}.x86 - Release|ARM.ActiveCfg = x86 - Release|ARM
		{BDB9A213-C612-4C3F-8CB1-89835352E534}.x86 - Release|ARM.Build.0 = x86 - Release|ARM
		{BCA69029-4F84-47F9-BB9C-18026BE0A228}.Any CPU - Debug|Any CPU.ActiveCfg = Debug|Any CPU
		{BCA69029-4F84-47F9-BB9C-18026BE0A228}.Any CPU - Debug|Any CPU.Build.0 = Debug|Any CPU
		{BCA69029-4F84-47F9-BB9C-18026BE0A228}.Any CPU - Debug|ARM.ActiveCfg = Debug|Any CPU
		{BCA69029-4F84-47F9-BB9C-18026BE0A228}.Any CPU - Debug|ARM.Build.0 = Debug|Any CPU
		{BCA69029-4F84-47F9-BB9C-18026BE0A228}.Any CPU - Release|Any CPU.ActiveCfg = Release|Any CPU
		{BCA69029-4F84-47F9-BB9C-18026BE0A228}.Any CPU - Release|Any CPU.Build.0 = Release|Any CPU
		{BCA69029-4F84-47F9-BB9C-18026BE0A228}.Any CPU - Release|ARM.ActiveCfg = Release|Any CPU
		{BCA69029-4F84-47F9-BB9C-18026BE0A228}.Any CPU - Release|ARM.Build.0 = Release|Any CPU
		{BCA69029-4F84-47F9-BB9C-18026BE0A228}.ARM - Debug|Any CPU.ActiveCfg = ARM - Debug|Any CPU
		{BCA69029-4F84-47F9-BB9C-18026BE0A228}.ARM - Debug|Any CPU.Build.0 = ARM - Debug|Any CPU
		{BCA69029-4F84-47F9-BB9C-18026BE0A228}.ARM - Debug|ARM.ActiveCfg = ARM - Debug|Any CPU
		{BCA69029-4F84-47F9-BB9C-18026BE0A228}.ARM - Debug|ARM.Build.0 = ARM - Debug|Any CPU
		{BCA69029-4F84-47F9-BB9C-18026BE0A228}.ARM - Release|Any CPU.ActiveCfg = ARM - Release|Any CPU
		{BCA69029-4F84-47F9-BB9C-18026BE0A228}.ARM - Release|Any CPU.Build.0 = ARM - Release|Any CPU
		{BCA69029-4F84-47F9-BB9C-18026BE0A228}.ARM - Release|ARM.ActiveCfg = ARM - Release|Any CPU
		{BCA69029-4F84-47F9-BB9C-18026BE0A228}.ARM - Release|ARM.Build.0 = ARM - Release|Any CPU
		{BCA69029-4F84-47F9-BB9C-18026BE0A228}.ARM|Any CPU.ActiveCfg = ARM|Any CPU
		{BCA69029-4F84-47F9-BB9C-18026BE0A228}.ARM|Any CPU.Build.0 = ARM|Any CPU
		{BCA69029-4F84-47F9-BB9C-18026BE0A228}.ARM|ARM.ActiveCfg = ARM|Any CPU
		{BCA69029-4F84-47F9-BB9C-18026BE0A228}.ARM|ARM.Build.0 = ARM|Any CPU
		{BCA69029-4F84-47F9-BB9C-18026BE0A228}.Debug|Any CPU.ActiveCfg = Debug|Any CPU
		{BCA69029-4F84-47F9-BB9C-18026BE0A228}.Debug|Any CPU.Build.0 = Debug|Any CPU
		{BCA69029-4F84-47F9-BB9C-18026BE0A228}.Debug|ARM.ActiveCfg = Debug|Any CPU
		{BCA69029-4F84-47F9-BB9C-18026BE0A228}.Debug|ARM.Build.0 = Debug|Any CPU
		{BCA69029-4F84-47F9-BB9C-18026BE0A228}.Release|Any CPU.ActiveCfg = Release|Any CPU
		{BCA69029-4F84-47F9-BB9C-18026BE0A228}.Release|Any CPU.Build.0 = Release|Any CPU
		{BCA69029-4F84-47F9-BB9C-18026BE0A228}.Release|ARM.ActiveCfg = Release|Any CPU
		{BCA69029-4F84-47F9-BB9C-18026BE0A228}.Release|ARM.Build.0 = Release|Any CPU
		{BCA69029-4F84-47F9-BB9C-18026BE0A228}.x64 - Debug|Any CPU.ActiveCfg = x64 - Debug|Any CPU
		{BCA69029-4F84-47F9-BB9C-18026BE0A228}.x64 - Debug|Any CPU.Build.0 = x64 - Debug|Any CPU
		{BCA69029-4F84-47F9-BB9C-18026BE0A228}.x64 - Debug|ARM.ActiveCfg = x64 - Debug|Any CPU
		{BCA69029-4F84-47F9-BB9C-18026BE0A228}.x64 - Debug|ARM.Build.0 = x64 - Debug|Any CPU
		{BCA69029-4F84-47F9-BB9C-18026BE0A228}.x64 - Release|Any CPU.ActiveCfg = x64 - Release|Any CPU
		{BCA69029-4F84-47F9-BB9C-18026BE0A228}.x64 - Release|Any CPU.Build.0 = x64 - Release|Any CPU
		{BCA69029-4F84-47F9-BB9C-18026BE0A228}.x64 - Release|ARM.ActiveCfg = x64 - Release|Any CPU
		{BCA69029-4F84-47F9-BB9C-18026BE0A228}.x64 - Release|ARM.Build.0 = x64 - Release|Any CPU
		{BCA69029-4F84-47F9-BB9C-18026BE0A228}.x86 - Debug|Any CPU.ActiveCfg = x86 - Debug|Any CPU
		{BCA69029-4F84-47F9-BB9C-18026BE0A228}.x86 - Debug|Any CPU.Build.0 = x86 - Debug|Any CPU
		{BCA69029-4F84-47F9-BB9C-18026BE0A228}.x86 - Debug|ARM.ActiveCfg = x86 - Debug|Any CPU
		{BCA69029-4F84-47F9-BB9C-18026BE0A228}.x86 - Debug|ARM.Build.0 = x86 - Debug|Any CPU
		{BCA69029-4F84-47F9-BB9C-18026BE0A228}.x86 - Release|Any CPU.ActiveCfg = x86 - Release|Any CPU
		{BCA69029-4F84-47F9-BB9C-18026BE0A228}.x86 - Release|Any CPU.Build.0 = x86 - Release|Any CPU
		{BCA69029-4F84-47F9-BB9C-18026BE0A228}.x86 - Release|ARM.ActiveCfg = x86 - Release|Any CPU
		{BCA69029-4F84-47F9-BB9C-18026BE0A228}.x86 - Release|ARM.Build.0 = x86 - Release|Any CPU
		{451CCED3-DA91-4FA6-A9E2-C30FECA86BDF}.Any CPU - Debug|Any CPU.ActiveCfg = Debug|Any CPU
		{451CCED3-DA91-4FA6-A9E2-C30FECA86BDF}.Any CPU - Debug|Any CPU.Build.0 = Debug|Any CPU
		{451CCED3-DA91-4FA6-A9E2-C30FECA86BDF}.Any CPU - Debug|ARM.ActiveCfg = Debug|ARM
		{451CCED3-DA91-4FA6-A9E2-C30FECA86BDF}.Any CPU - Debug|ARM.Build.0 = Debug|ARM
		{451CCED3-DA91-4FA6-A9E2-C30FECA86BDF}.Any CPU - Release|Any CPU.ActiveCfg = Release|Any CPU
		{451CCED3-DA91-4FA6-A9E2-C30FECA86BDF}.Any CPU - Release|Any CPU.Build.0 = Release|Any CPU
		{451CCED3-DA91-4FA6-A9E2-C30FECA86BDF}.Any CPU - Release|ARM.ActiveCfg = Release|ARM
		{451CCED3-DA91-4FA6-A9E2-C30FECA86BDF}.Any CPU - Release|ARM.Build.0 = Release|ARM
		{451CCED3-DA91-4FA6-A9E2-C30FECA86BDF}.ARM - Debug|Any CPU.ActiveCfg = ARM - Debug|Any CPU
		{451CCED3-DA91-4FA6-A9E2-C30FECA86BDF}.ARM - Debug|Any CPU.Build.0 = ARM - Debug|Any CPU
		{451CCED3-DA91-4FA6-A9E2-C30FECA86BDF}.ARM - Debug|ARM.ActiveCfg = ARM - Debug|ARM
		{451CCED3-DA91-4FA6-A9E2-C30FECA86BDF}.ARM - Debug|ARM.Build.0 = ARM - Debug|ARM
		{451CCED3-DA91-4FA6-A9E2-C30FECA86BDF}.ARM - Release|Any CPU.ActiveCfg = ARM - Release|Any CPU
		{451CCED3-DA91-4FA6-A9E2-C30FECA86BDF}.ARM - Release|Any CPU.Build.0 = ARM - Release|Any CPU
		{451CCED3-DA91-4FA6-A9E2-C30FECA86BDF}.ARM - Release|ARM.ActiveCfg = ARM - Release|ARM
		{451CCED3-DA91-4FA6-A9E2-C30FECA86BDF}.ARM - Release|ARM.Build.0 = ARM - Release|ARM
		{451CCED3-DA91-4FA6-A9E2-C30FECA86BDF}.ARM|Any CPU.ActiveCfg = ARM|Any CPU
		{451CCED3-DA91-4FA6-A9E2-C30FECA86BDF}.ARM|Any CPU.Build.0 = ARM|Any CPU
		{451CCED3-DA91-4FA6-A9E2-C30FECA86BDF}.ARM|ARM.ActiveCfg = ARM|ARM
		{451CCED3-DA91-4FA6-A9E2-C30FECA86BDF}.ARM|ARM.Build.0 = ARM|ARM
		{451CCED3-DA91-4FA6-A9E2-C30FECA86BDF}.Debug|Any CPU.ActiveCfg = Debug|Any CPU
		{451CCED3-DA91-4FA6-A9E2-C30FECA86BDF}.Debug|Any CPU.Build.0 = Debug|Any CPU
		{451CCED3-DA91-4FA6-A9E2-C30FECA86BDF}.Debug|ARM.ActiveCfg = Debug|ARM
		{451CCED3-DA91-4FA6-A9E2-C30FECA86BDF}.Debug|ARM.Build.0 = Debug|ARM
		{451CCED3-DA91-4FA6-A9E2-C30FECA86BDF}.Release|Any CPU.ActiveCfg = Release|Any CPU
		{451CCED3-DA91-4FA6-A9E2-C30FECA86BDF}.Release|Any CPU.Build.0 = Release|Any CPU
		{451CCED3-DA91-4FA6-A9E2-C30FECA86BDF}.Release|ARM.ActiveCfg = Release|ARM
		{451CCED3-DA91-4FA6-A9E2-C30FECA86BDF}.Release|ARM.Build.0 = Release|ARM
		{451CCED3-DA91-4FA6-A9E2-C30FECA86BDF}.x64 - Debug|Any CPU.ActiveCfg = x64 - Debug|Any CPU
		{451CCED3-DA91-4FA6-A9E2-C30FECA86BDF}.x64 - Debug|Any CPU.Build.0 = x64 - Debug|Any CPU
		{451CCED3-DA91-4FA6-A9E2-C30FECA86BDF}.x64 - Debug|ARM.ActiveCfg = x64 - Debug|ARM
		{451CCED3-DA91-4FA6-A9E2-C30FECA86BDF}.x64 - Debug|ARM.Build.0 = x64 - Debug|ARM
		{451CCED3-DA91-4FA6-A9E2-C30FECA86BDF}.x64 - Release|Any CPU.ActiveCfg = x64 - Release|Any CPU
		{451CCED3-DA91-4FA6-A9E2-C30FECA86BDF}.x64 - Release|Any CPU.Build.0 = x64 - Release|Any CPU
		{451CCED3-DA91-4FA6-A9E2-C30FECA86BDF}.x64 - Release|ARM.ActiveCfg = x64 - Release|ARM
		{451CCED3-DA91-4FA6-A9E2-C30FECA86BDF}.x64 - Release|ARM.Build.0 = x64 - Release|ARM
		{451CCED3-DA91-4FA6-A9E2-C30FECA86BDF}.x86 - Debug|Any CPU.ActiveCfg = x86 - Debug|Any CPU
		{451CCED3-DA91-4FA6-A9E2-C30FECA86BDF}.x86 - Debug|Any CPU.Build.0 = x86 - Debug|Any CPU
		{451CCED3-DA91-4FA6-A9E2-C30FECA86BDF}.x86 - Debug|ARM.ActiveCfg = x86 - Debug|ARM
		{451CCED3-DA91-4FA6-A9E2-C30FECA86BDF}.x86 - Debug|ARM.Build.0 = x86 - Debug|ARM
		{451CCED3-DA91-4FA6-A9E2-C30FECA86BDF}.x86 - Release|Any CPU.ActiveCfg = x86 - Release|Any CPU
		{451CCED3-DA91-4FA6-A9E2-C30FECA86BDF}.x86 - Release|Any CPU.Build.0 = x86 - Release|Any CPU
		{451CCED3-DA91-4FA6-A9E2-C30FECA86BDF}.x86 - Release|ARM.ActiveCfg = x86 - Release|ARM
		{451CCED3-DA91-4FA6-A9E2-C30FECA86BDF}.x86 - Release|ARM.Build.0 = x86 - Release|ARM
		{AD75768F-449F-45B4-A735-D7B18C1643E1}.Any CPU - Debug|Any CPU.ActiveCfg = Debug|Any CPU
		{AD75768F-449F-45B4-A735-D7B18C1643E1}.Any CPU - Debug|Any CPU.Build.0 = Debug|Any CPU
		{AD75768F-449F-45B4-A735-D7B18C1643E1}.Any CPU - Debug|ARM.ActiveCfg = Debug|Any CPU
		{AD75768F-449F-45B4-A735-D7B18C1643E1}.Any CPU - Debug|ARM.Build.0 = Debug|Any CPU
		{AD75768F-449F-45B4-A735-D7B18C1643E1}.Any CPU - Release|Any CPU.ActiveCfg = Release|Any CPU
		{AD75768F-449F-45B4-A735-D7B18C1643E1}.Any CPU - Release|Any CPU.Build.0 = Release|Any CPU
		{AD75768F-449F-45B4-A735-D7B18C1643E1}.Any CPU - Release|ARM.ActiveCfg = Release|Any CPU
		{AD75768F-449F-45B4-A735-D7B18C1643E1}.Any CPU - Release|ARM.Build.0 = Release|Any CPU
		{AD75768F-449F-45B4-A735-D7B18C1643E1}.ARM - Debug|Any CPU.ActiveCfg = ARM - Debug|Any CPU
		{AD75768F-449F-45B4-A735-D7B18C1643E1}.ARM - Debug|Any CPU.Build.0 = ARM - Debug|Any CPU
		{AD75768F-449F-45B4-A735-D7B18C1643E1}.ARM - Debug|ARM.ActiveCfg = ARM - Debug|Any CPU
		{AD75768F-449F-45B4-A735-D7B18C1643E1}.ARM - Debug|ARM.Build.0 = ARM - Debug|Any CPU
		{AD75768F-449F-45B4-A735-D7B18C1643E1}.ARM - Release|Any CPU.ActiveCfg = ARM - Release|Any CPU
		{AD75768F-449F-45B4-A735-D7B18C1643E1}.ARM - Release|Any CPU.Build.0 = ARM - Release|Any CPU
		{AD75768F-449F-45B4-A735-D7B18C1643E1}.ARM - Release|ARM.ActiveCfg = ARM - Release|Any CPU
		{AD75768F-449F-45B4-A735-D7B18C1643E1}.ARM - Release|ARM.Build.0 = ARM - Release|Any CPU
		{AD75768F-449F-45B4-A735-D7B18C1643E1}.ARM|Any CPU.ActiveCfg = ARM|Any CPU
		{AD75768F-449F-45B4-A735-D7B18C1643E1}.ARM|Any CPU.Build.0 = ARM|Any CPU
		{AD75768F-449F-45B4-A735-D7B18C1643E1}.ARM|ARM.ActiveCfg = ARM|Any CPU
		{AD75768F-449F-45B4-A735-D7B18C1643E1}.ARM|ARM.Build.0 = ARM|Any CPU
		{AD75768F-449F-45B4-A735-D7B18C1643E1}.Debug|Any CPU.ActiveCfg = Debug|Any CPU
		{AD75768F-449F-45B4-A735-D7B18C1643E1}.Debug|Any CPU.Build.0 = Debug|Any CPU
		{AD75768F-449F-45B4-A735-D7B18C1643E1}.Debug|ARM.ActiveCfg = Debug|Any CPU
		{AD75768F-449F-45B4-A735-D7B18C1643E1}.Debug|ARM.Build.0 = Debug|Any CPU
		{AD75768F-449F-45B4-A735-D7B18C1643E1}.Release|Any CPU.ActiveCfg = Release|Any CPU
		{AD75768F-449F-45B4-A735-D7B18C1643E1}.Release|Any CPU.Build.0 = Release|Any CPU
		{AD75768F-449F-45B4-A735-D7B18C1643E1}.Release|ARM.ActiveCfg = Release|Any CPU
		{AD75768F-449F-45B4-A735-D7B18C1643E1}.Release|ARM.Build.0 = Release|Any CPU
		{AD75768F-449F-45B4-A735-D7B18C1643E1}.x64 - Debug|Any CPU.ActiveCfg = x64 - Debug|Any CPU
		{AD75768F-449F-45B4-A735-D7B18C1643E1}.x64 - Debug|Any CPU.Build.0 = x64 - Debug|Any CPU
		{AD75768F-449F-45B4-A735-D7B18C1643E1}.x64 - Debug|ARM.ActiveCfg = x64 - Debug|Any CPU
		{AD75768F-449F-45B4-A735-D7B18C1643E1}.x64 - Debug|ARM.Build.0 = x64 - Debug|Any CPU
		{AD75768F-449F-45B4-A735-D7B18C1643E1}.x64 - Release|Any CPU.ActiveCfg = x64 - Release|Any CPU
		{AD75768F-449F-45B4-A735-D7B18C1643E1}.x64 - Release|Any CPU.Build.0 = x64 - Release|Any CPU
		{AD75768F-449F-45B4-A735-D7B18C1643E1}.x64 - Release|ARM.ActiveCfg = x64 - Release|Any CPU
		{AD75768F-449F-45B4-A735-D7B18C1643E1}.x64 - Release|ARM.Build.0 = x64 - Release|Any CPU
		{AD75768F-449F-45B4-A735-D7B18C1643E1}.x86 - Debug|Any CPU.ActiveCfg = x86 - Debug|Any CPU
		{AD75768F-449F-45B4-A735-D7B18C1643E1}.x86 - Debug|Any CPU.Build.0 = x86 - Debug|Any CPU
		{AD75768F-449F-45B4-A735-D7B18C1643E1}.x86 - Debug|ARM.ActiveCfg = x86 - Debug|Any CPU
		{AD75768F-449F-45B4-A735-D7B18C1643E1}.x86 - Debug|ARM.Build.0 = x86 - Debug|Any CPU
		{AD75768F-449F-45B4-A735-D7B18C1643E1}.x86 - Release|Any CPU.ActiveCfg = x86 - Release|Any CPU
		{AD75768F-449F-45B4-A735-D7B18C1643E1}.x86 - Release|Any CPU.Build.0 = x86 - Release|Any CPU
		{AD75768F-449F-45B4-A735-D7B18C1643E1}.x86 - Release|ARM.ActiveCfg = x86 - Release|Any CPU
		{AD75768F-449F-45B4-A735-D7B18C1643E1}.x86 - Release|ARM.Build.0 = x86 - Release|Any CPU
		{67282531-558D-4FD7-A4E2-271F238AC2F4}.Any CPU - Debug|Any CPU.ActiveCfg = Debug|Any CPU
		{67282531-558D-4FD7-A4E2-271F238AC2F4}.Any CPU - Debug|Any CPU.Build.0 = Debug|Any CPU
		{67282531-558D-4FD7-A4E2-271F238AC2F4}.Any CPU - Debug|ARM.ActiveCfg = Debug|ARM
		{67282531-558D-4FD7-A4E2-271F238AC2F4}.Any CPU - Debug|ARM.Build.0 = Debug|ARM
		{67282531-558D-4FD7-A4E2-271F238AC2F4}.Any CPU - Release|Any CPU.ActiveCfg = Release|Any CPU
		{67282531-558D-4FD7-A4E2-271F238AC2F4}.Any CPU - Release|Any CPU.Build.0 = Release|Any CPU
		{67282531-558D-4FD7-A4E2-271F238AC2F4}.Any CPU - Release|ARM.ActiveCfg = Release|ARM
		{67282531-558D-4FD7-A4E2-271F238AC2F4}.Any CPU - Release|ARM.Build.0 = Release|ARM
		{67282531-558D-4FD7-A4E2-271F238AC2F4}.ARM - Debug|Any CPU.ActiveCfg = ARM - Debug|Any CPU
		{67282531-558D-4FD7-A4E2-271F238AC2F4}.ARM - Debug|Any CPU.Build.0 = ARM - Debug|Any CPU
		{67282531-558D-4FD7-A4E2-271F238AC2F4}.ARM - Debug|ARM.ActiveCfg = ARM - Debug|ARM
		{67282531-558D-4FD7-A4E2-271F238AC2F4}.ARM - Debug|ARM.Build.0 = ARM - Debug|ARM
		{67282531-558D-4FD7-A4E2-271F238AC2F4}.ARM - Release|Any CPU.ActiveCfg = ARM - Release|Any CPU
		{67282531-558D-4FD7-A4E2-271F238AC2F4}.ARM - Release|Any CPU.Build.0 = ARM - Release|Any CPU
		{67282531-558D-4FD7-A4E2-271F238AC2F4}.ARM - Release|ARM.ActiveCfg = ARM - Release|ARM
		{67282531-558D-4FD7-A4E2-271F238AC2F4}.ARM - Release|ARM.Build.0 = ARM - Release|ARM
		{67282531-558D-4FD7-A4E2-271F238AC2F4}.ARM|Any CPU.ActiveCfg = ARM|Any CPU
		{67282531-558D-4FD7-A4E2-271F238AC2F4}.ARM|Any CPU.Build.0 = ARM|Any CPU
		{67282531-558D-4FD7-A4E2-271F238AC2F4}.ARM|ARM.ActiveCfg = ARM|ARM
		{67282531-558D-4FD7-A4E2-271F238AC2F4}.ARM|ARM.Build.0 = ARM|ARM
		{67282531-558D-4FD7-A4E2-271F238AC2F4}.Debug|Any CPU.ActiveCfg = Debug|Any CPU
		{67282531-558D-4FD7-A4E2-271F238AC2F4}.Debug|Any CPU.Build.0 = Debug|Any CPU
		{67282531-558D-4FD7-A4E2-271F238AC2F4}.Debug|ARM.ActiveCfg = Debug|ARM
		{67282531-558D-4FD7-A4E2-271F238AC2F4}.Debug|ARM.Build.0 = Debug|ARM
		{67282531-558D-4FD7-A4E2-271F238AC2F4}.Release|Any CPU.ActiveCfg = Release|Any CPU
		{67282531-558D-4FD7-A4E2-271F238AC2F4}.Release|Any CPU.Build.0 = Release|Any CPU
		{67282531-558D-4FD7-A4E2-271F238AC2F4}.Release|ARM.ActiveCfg = Release|ARM
		{67282531-558D-4FD7-A4E2-271F238AC2F4}.Release|ARM.Build.0 = Release|ARM
		{67282531-558D-4FD7-A4E2-271F238AC2F4}.x64 - Debug|Any CPU.ActiveCfg = x64 - Debug|Any CPU
		{67282531-558D-4FD7-A4E2-271F238AC2F4}.x64 - Debug|Any CPU.Build.0 = x64 - Debug|Any CPU
		{67282531-558D-4FD7-A4E2-271F238AC2F4}.x64 - Debug|ARM.ActiveCfg = x64 - Debug|ARM
		{67282531-558D-4FD7-A4E2-271F238AC2F4}.x64 - Debug|ARM.Build.0 = x64 - Debug|ARM
		{67282531-558D-4FD7-A4E2-271F238AC2F4}.x64 - Release|Any CPU.ActiveCfg = x64 - Release|Any CPU
		{67282531-558D-4FD7-A4E2-271F238AC2F4}.x64 - Release|Any CPU.Build.0 = x64 - Release|Any CPU
		{67282531-558D-4FD7-A4E2-271F238AC2F4}.x64 - Release|ARM.ActiveCfg = x64 - Release|ARM
		{67282531-558D-4FD7-A4E2-271F238AC2F4}.x64 - Release|ARM.Build.0 = x64 - Release|ARM
		{67282531-558D-4FD7-A4E2-271F238AC2F4}.x86 - Debug|Any CPU.ActiveCfg = x86 - Debug|Any CPU
		{67282531-558D-4FD7-A4E2-271F238AC2F4}.x86 - Debug|Any CPU.Build.0 = x86 - Debug|Any CPU
		{67282531-558D-4FD7-A4E2-271F238AC2F4}.x86 - Debug|ARM.ActiveCfg = x86 - Debug|ARM
		{67282531-558D-4FD7-A4E2-271F238AC2F4}.x86 - Debug|ARM.Build.0 = x86 - Debug|ARM
		{67282531-558D-4FD7-A4E2-271F238AC2F4}.x86 - Release|Any CPU.ActiveCfg = x86 - Release|Any CPU
		{67282531-558D-4FD7-A4E2-271F238AC2F4}.x86 - Release|Any CPU.Build.0 = x86 - Release|Any CPU
		{67282531-558D-4FD7-A4E2-271F238AC2F4}.x86 - Release|ARM.ActiveCfg = x86 - Release|ARM
		{67282531-558D-4FD7-A4E2-271F238AC2F4}.x86 - Release|ARM.Build.0 = x86 - Release|ARM
		{2B5C8862-A808-45C3-8138-E14F652ED9A5}.Any CPU - Debug|Any CPU.ActiveCfg = Debug|Any CPU
		{2B5C8862-A808-45C3-8138-E14F652ED9A5}.Any CPU - Debug|Any CPU.Build.0 = Debug|Any CPU
		{2B5C8862-A808-45C3-8138-E14F652ED9A5}.Any CPU - Debug|ARM.ActiveCfg = Debug|Any CPU
		{2B5C8862-A808-45C3-8138-E14F652ED9A5}.Any CPU - Debug|ARM.Build.0 = Debug|Any CPU
		{2B5C8862-A808-45C3-8138-E14F652ED9A5}.Any CPU - Release|Any CPU.ActiveCfg = Release|Any CPU
		{2B5C8862-A808-45C3-8138-E14F652ED9A5}.Any CPU - Release|Any CPU.Build.0 = Release|Any CPU
		{2B5C8862-A808-45C3-8138-E14F652ED9A5}.Any CPU - Release|ARM.ActiveCfg = Release|Any CPU
		{2B5C8862-A808-45C3-8138-E14F652ED9A5}.Any CPU - Release|ARM.Build.0 = Release|Any CPU
		{2B5C8862-A808-45C3-8138-E14F652ED9A5}.ARM - Debug|Any CPU.ActiveCfg = ARM - Debug|Any CPU
		{2B5C8862-A808-45C3-8138-E14F652ED9A5}.ARM - Debug|Any CPU.Build.0 = ARM - Debug|Any CPU
		{2B5C8862-A808-45C3-8138-E14F652ED9A5}.ARM - Debug|ARM.ActiveCfg = ARM - Debug|Any CPU
		{2B5C8862-A808-45C3-8138-E14F652ED9A5}.ARM - Debug|ARM.Build.0 = ARM - Debug|Any CPU
		{2B5C8862-A808-45C3-8138-E14F652ED9A5}.ARM - Release|Any CPU.ActiveCfg = ARM - Release|Any CPU
		{2B5C8862-A808-45C3-8138-E14F652ED9A5}.ARM - Release|Any CPU.Build.0 = ARM - Release|Any CPU
		{2B5C8862-A808-45C3-8138-E14F652ED9A5}.ARM - Release|ARM.ActiveCfg = ARM - Release|Any CPU
		{2B5C8862-A808-45C3-8138-E14F652ED9A5}.ARM - Release|ARM.Build.0 = ARM - Release|Any CPU
		{2B5C8862-A808-45C3-8138-E14F652ED9A5}.ARM|Any CPU.ActiveCfg = ARM|Any CPU
		{2B5C8862-A808-45C3-8138-E14F652ED9A5}.ARM|Any CPU.Build.0 = ARM|Any CPU
		{2B5C8862-A808-45C3-8138-E14F652ED9A5}.ARM|ARM.ActiveCfg = ARM|Any CPU
		{2B5C8862-A808-45C3-8138-E14F652ED9A5}.ARM|ARM.Build.0 = ARM|Any CPU
		{2B5C8862-A808-45C3-8138-E14F652ED9A5}.Debug|Any CPU.ActiveCfg = Debug|Any CPU
		{2B5C8862-A808-45C3-8138-E14F652ED9A5}.Debug|Any CPU.Build.0 = Debug|Any CPU
		{2B5C8862-A808-45C3-8138-E14F652ED9A5}.Debug|ARM.ActiveCfg = Debug|Any CPU
		{2B5C8862-A808-45C3-8138-E14F652ED9A5}.Debug|ARM.Build.0 = Debug|Any CPU
		{2B5C8862-A808-45C3-8138-E14F652ED9A5}.Release|Any CPU.ActiveCfg = Release|Any CPU
		{2B5C8862-A808-45C3-8138-E14F652ED9A5}.Release|Any CPU.Build.0 = Release|Any CPU
		{2B5C8862-A808-45C3-8138-E14F652ED9A5}.Release|ARM.ActiveCfg = Release|Any CPU
		{2B5C8862-A808-45C3-8138-E14F652ED9A5}.Release|ARM.Build.0 = Release|Any CPU
		{2B5C8862-A808-45C3-8138-E14F652ED9A5}.x64 - Debug|Any CPU.ActiveCfg = x64 - Debug|Any CPU
		{2B5C8862-A808-45C3-8138-E14F652ED9A5}.x64 - Debug|Any CPU.Build.0 = x64 - Debug|Any CPU
		{2B5C8862-A808-45C3-8138-E14F652ED9A5}.x64 - Debug|ARM.ActiveCfg = x64 - Debug|Any CPU
		{2B5C8862-A808-45C3-8138-E14F652ED9A5}.x64 - Debug|ARM.Build.0 = x64 - Debug|Any CPU
		{2B5C8862-A808-45C3-8138-E14F652ED9A5}.x64 - Release|Any CPU.ActiveCfg = x64 - Release|Any CPU
		{2B5C8862-A808-45C3-8138-E14F652ED9A5}.x64 - Release|Any CPU.Build.0 = x64 - Release|Any CPU
		{2B5C8862-A808-45C3-8138-E14F652ED9A5}.x64 - Release|ARM.ActiveCfg = x64 - Release|Any CPU
		{2B5C8862-A808-45C3-8138-E14F652ED9A5}.x64 - Release|ARM.Build.0 = x64 - Release|Any CPU
		{2B5C8862-A808-45C3-8138-E14F652ED9A5}.x86 - Debug|Any CPU.ActiveCfg = x86 - Debug|Any CPU
		{2B5C8862-A808-45C3-8138-E14F652ED9A5}.x86 - Debug|Any CPU.Build.0 = x86 - Debug|Any CPU
		{2B5C8862-A808-45C3-8138-E14F652ED9A5}.x86 - Debug|ARM.ActiveCfg = x86 - Debug|Any CPU
		{2B5C8862-A808-45C3-8138-E14F652ED9A5}.x86 - Debug|ARM.Build.0 = x86 - Debug|Any CPU
		{2B5C8862-A808-45C3-8138-E14F652ED9A5}.x86 - Release|Any CPU.ActiveCfg = x86 - Release|Any CPU
		{2B5C8862-A808-45C3-8138-E14F652ED9A5}.x86 - Release|Any CPU.Build.0 = x86 - Release|Any CPU
		{2B5C8862-A808-45C3-8138-E14F652ED9A5}.x86 - Release|ARM.ActiveCfg = x86 - Release|Any CPU
		{2B5C8862-A808-45C3-8138-E14F652ED9A5}.x86 - Release|ARM.Build.0 = x86 - Release|Any CPU
	EndGlobalSection
	GlobalSection(SolutionProperties) = preSolution
		HideSolutionNode = FALSE
	EndGlobalSection
	GlobalSection(NestedProjects) = preSolution
		{BDB9A213-C612-4C3F-8CB1-89835352E534} = {002E25CA-C964-4123-BB76-E2BCE27D7B3B}
		{BCA69029-4F84-47F9-BB9C-18026BE0A228} = {35846CAE-2DA9-49E4-AC99-2D6AFFFCE090}
		{451CCED3-DA91-4FA6-A9E2-C30FECA86BDF} = {002E25CA-C964-4123-BB76-E2BCE27D7B3B}
		{AD75768F-449F-45B4-A735-D7B18C1643E1} = {35846CAE-2DA9-49E4-AC99-2D6AFFFCE090}
		{67282531-558D-4FD7-A4E2-271F238AC2F4} = {002E25CA-C964-4123-BB76-E2BCE27D7B3B}
		{2B5C8862-A808-45C3-8138-E14F652ED9A5} = {35846CAE-2DA9-49E4-AC99-2D6AFFFCE090}
	EndGlobalSection
EndGlobal
